{
  "name": "order",
  "version": "1.0.0",
  "lockfileVersion": 2,
  "requires": true,
  "packages": {
    "": {
      "name": "order",
      "version": "1.0.0",
      "dependencies": {
        "commander": "^9.4.0",
        "kafkajs": "^2.2.0",
        "lodash": "^4.17.21",
        "log4js": "^6.6.1",
        "moment": "^2.29.4",
        "neo4j-driver": "^4.4.7"
      }
    },
    "node_modules/@babel/runtime": {
      "version": "7.18.9",
      "resolved": "https://registry.npmjs.org/@babel/runtime/-/runtime-7.18.9.tgz",
      "integrity": "sha512-lkqXDcvlFT5rvEjiu6+QYO+1GXrEHRo2LOtS7E4GtX5ESIZOgepqsZBVIj6Pv+a6zqsya9VCgiK1KAK4BvJDAw==",
      "dependencies": {
        "regenerator-runtime": "^0.13.4"
      },
      "engines": {
        "node": ">=6.9.0"
      }
    },
    "node_modules/base64-js": {
      "version": "1.5.1",
      "resolved": "https://registry.npmjs.org/base64-js/-/base64-js-1.5.1.tgz",
      "integrity": "sha512-AKpaYlHn8t4SVbOHCy+b5+KKgvR4vrsD8vbvrbiQJps7fKDTkjkDry6ji0rUJjC0kzbNePLwzxq8iypo41qeWA==",
      "funding": [
        {
          "type": "github",
          "url": "https://github.com/sponsors/feross"
        },
        {
          "type": "patreon",
          "url": "https://www.patreon.com/feross"
        },
        {
          "type": "consulting",
          "url": "https://feross.org/support"
        }
      ]
    },
    "node_modules/buffer": {
      "version": "6.0.3",
      "resolved": "https://registry.npmjs.org/buffer/-/buffer-6.0.3.tgz",
      "integrity": "sha512-FTiCpNxtwiZZHEZbcbTIcZjERVICn9yq/pDFkTl95/AxzD1naBctN7YO68riM/gLSDY7sdrMby8hofADYuuqOA==",
      "funding": [
        {
          "type": "github",
          "url": "https://github.com/sponsors/feross"
        },
        {
          "type": "patreon",
          "url": "https://www.patreon.com/feross"
        },
        {
          "type": "consulting",
          "url": "https://feross.org/support"
        }
      ],
      "dependencies": {
        "base64-js": "^1.3.1",
        "ieee754": "^1.2.1"
      }
    },
    "node_modules/commander": {
      "version": "9.4.0",
      "resolved": "https://registry.npmjs.org/commander/-/commander-9.4.0.tgz",
      "integrity": "sha512-sRPT+umqkz90UA8M1yqYfnHlZA7fF6nSphDtxeywPZ49ysjxDQybzk13CL+mXekDRG92skbcqCLVovuCusNmFw==",
      "engines": {
        "node": "^12.20.0 || >=14"
      }
    },
    "node_modules/date-format": {
      "version": "4.0.13",
      "resolved": "https://registry.npmjs.org/date-format/-/date-format-4.0.13.tgz",
      "integrity": "sha512-bnYCwf8Emc3pTD8pXnre+wfnjGtfi5ncMDKy7+cWZXbmRAsdWkOQHrfC1yz/KiwP5thDp2kCHWYWKBX4HP1hoQ==",
      "engines": {
        "node": ">=4.0"
      }
    },
    "node_modules/debug": {
      "version": "4.3.4",
      "resolved": "https://registry.npmjs.org/debug/-/debug-4.3.4.tgz",
      "integrity": "sha512-PRWFHuSU3eDtQJPvnNY7Jcket1j0t5OuOsFzPPzsekD52Zl8qUfFIPEiswXqIvHWGVHOgX+7G/vCNNhehwxfkQ==",
      "dependencies": {
        "ms": "2.1.2"
      },
      "engines": {
        "node": ">=6.0"
      },
      "peerDependenciesMeta": {
        "supports-color": {
          "optional": true
        }
      }
    },
    "node_modules/flatted": {
      "version": "3.2.6",
      "resolved": "https://registry.npmjs.org/flatted/-/flatted-3.2.6.tgz",
      "integrity": "sha512-0sQoMh9s0BYsm+12Huy/rkKxVu4R1+r96YX5cG44rHV0pQ6iC3Q+mkoMFaGWObMFYQxCVT+ssG1ksneA2MI9KQ=="
    },
    "node_modules/fs-extra": {
      "version": "8.1.0",
      "resolved": "https://registry.npmjs.org/fs-extra/-/fs-extra-8.1.0.tgz",
      "integrity": "sha512-yhlQgA6mnOJUKOsRUFsgJdQCvkKhcz8tlZG5HBQfReYZy46OwLcY+Zia0mtdHsOo9y/hP+CxMN0TU9QxoOtG4g==",
      "dependencies": {
        "graceful-fs": "^4.2.0",
        "jsonfile": "^4.0.0",
        "universalify": "^0.1.0"
      },
      "engines": {
        "node": ">=6 <7 || >=8"
      }
    },
    "node_modules/graceful-fs": {
      "version": "4.2.10",
      "resolved": "https://registry.npmjs.org/graceful-fs/-/graceful-fs-4.2.10.tgz",
      "integrity": "sha512-9ByhssR2fPVsNZj478qUUbKfmL0+t5BDVyjShtyZZLiK7ZDAArFFfopyOTj0M05wE2tJPisA4iTnnXl2YoPvOA=="
    },
    "node_modules/ieee754": {
      "version": "1.2.1",
      "resolved": "https://registry.npmjs.org/ieee754/-/ieee754-1.2.1.tgz",
      "integrity": "sha512-dcyqhDvX1C46lXZcVqCpK+FtMRQVdIMN6/Df5js2zouUsqG7I6sFxitIC+7KYK29KdXOLHdu9zL4sFnoVQnqaA==",
      "funding": [
        {
          "type": "github",
          "url": "https://github.com/sponsors/feross"
        },
        {
          "type": "patreon",
          "url": "https://www.patreon.com/feross"
        },
        {
          "type": "consulting",
          "url": "https://feross.org/support"
        }
      ]
    },
    "node_modules/jsonfile": {
      "version": "4.0.0",
      "resolved": "https://registry.npmjs.org/jsonfile/-/jsonfile-4.0.0.tgz",
      "integrity": "sha512-m6F1R3z8jjlf2imQHS2Qez5sjKWQzbuuhuJ/FKYFRZvPE3PuHcSMVZzfsLhGVOkfd20obL5SWEBew5ShlquNxg==",
      "optionalDependencies": {
        "graceful-fs": "^4.1.6"
      }
    },
    "node_modules/kafkajs": {
      "version": "2.2.0",
      "resolved": "https://registry.npmjs.org/kafkajs/-/kafkajs-2.2.0.tgz",
      "integrity": "sha512-+sdgyLuC0Idw1g9LSBXjtoCr4K+vVaHP+tulzAK+V+HHvO3uW5woNkzLnbBx0MN4WRuEl/5g84M3FSkH0ZDzrA==",
      "engines": {
        "node": ">=14.0.0"
      }
    },
    "node_modules/lodash": {
      "version": "4.17.21",
      "resolved": "https://registry.npmjs.org/lodash/-/lodash-4.17.21.tgz",
      "integrity": "sha512-v2kDEe57lecTulaDIuNTPy3Ry4gLGJ6Z1O3vE1krgXZNrsQ+LFTGHVxVjcXPs17LhbZVGedAJv8XZ1tvj5FvSg=="
    },
    "node_modules/log4js": {
      "version": "6.6.1",
      "resolved": "https://registry.npmjs.org/log4js/-/log4js-6.6.1.tgz",
      "integrity": "sha512-J8VYFH2UQq/xucdNu71io4Fo+purYYudyErgBbswWKO0MC6QVOERRomt5su/z6d3RJSmLyTGmXl3Q/XjKCf+/A==",
      "dependencies": {
        "date-format": "^4.0.13",
        "debug": "^4.3.4",
        "flatted": "^3.2.6",
        "rfdc": "^1.3.0",
        "streamroller": "^3.1.2"
      },
      "engines": {
        "node": ">=8.0"
      }
    },
    "node_modules/moment": {
      "version": "2.29.4",
      "resolved": "https://registry.npmjs.org/moment/-/moment-2.29.4.tgz",
      "integrity": "sha512-5LC9SOxjSc2HF6vO2CyuTDNivEdoz2IvyJJGj6X8DJ0eFyfszE0QiEd+iXmBvUP3WHxSjFH/vIsA0EN00cgr8w==",
      "engines": {
        "node": "*"
      }
    },
    "node_modules/ms": {
      "version": "2.1.2",
      "resolved": "https://registry.npmjs.org/ms/-/ms-2.1.2.tgz",
      "integrity": "sha512-sGkPx+VjMtmA6MX27oA4FBFELFCZZ4S4XqeGOXCv68tT+jb3vk/RyaKWP0PTKyWtmLSM0b+adUTEvbs1PEaH2w=="
    },
    "node_modules/neo4j-driver": {
      "version": "4.4.7",
      "resolved": "https://registry.npmjs.org/neo4j-driver/-/neo4j-driver-4.4.7.tgz",
      "integrity": "sha512-N7GddPhp12gVJe4eB84u5ik5SmrtRv8nH3rK47Qy7IUKnJkVEos/F1QjOJN6zt1jLnDXwDcGzCKK8XklYpzogw==",
      "dependencies": {
        "@babel/runtime": "^7.5.5",
        "neo4j-driver-bolt-connection": "^4.4.7",
        "neo4j-driver-core": "^4.4.7",
        "rxjs": "^6.6.3"
      }
    },
    "node_modules/neo4j-driver-bolt-connection": {
      "version": "4.4.7",
      "resolved": "https://registry.npmjs.org/neo4j-driver-bolt-connection/-/neo4j-driver-bolt-connection-4.4.7.tgz",
      "integrity": "sha512-6Q4hCtvWE6gzN64N09UqZqf/3rDl7FUWZZXiVQL0ZRbaMkJpZNC2NmrDIgGXYE05XEEbRBexf2tVv5OTYZYrow==",
      "dependencies": {
        "buffer": "^6.0.3",
        "neo4j-driver-core": "^4.4.7",
        "string_decoder": "^1.3.0"
      }
    },
    "node_modules/neo4j-driver-core": {
      "version": "4.4.7",
      "resolved": "https://registry.npmjs.org/neo4j-driver-core/-/neo4j-driver-core-4.4.7.tgz",
      "integrity": "sha512-NhvVuQYgG7eO/vXxRaoJfkWUNkjvIpmCIS9UWU9Bbhb4V+wCOyX/MVOXqD0Yizhs4eyIkD7x90OXb79q+vi+oA=="
    },
    "node_modules/regenerator-runtime": {
      "version": "0.13.9",
      "resolved": "https://registry.npmjs.org/regenerator-runtime/-/regenerator-runtime-0.13.9.tgz",
      "integrity": "sha512-p3VT+cOEgxFsRRA9X4lkI1E+k2/CtnKtU4gcxyaCUreilL/vqI6CdZ3wxVUx3UOUg+gnUOQQcRI7BmSI656MYA=="
    },
    "node_modules/rfdc": {
      "version": "1.3.0",
      "resolved": "https://registry.npmjs.org/rfdc/-/rfdc-1.3.0.tgz",
      "integrity": "sha512-V2hovdzFbOi77/WajaSMXk2OLm+xNIeQdMMuB7icj7bk6zi2F8GGAxigcnDFpJHbNyNcgyJDiP+8nOrY5cZGrA=="
    },
    "node_modules/rxjs": {
      "version": "6.6.7",
      "resolved": "https://registry.npmjs.org/rxjs/-/rxjs-6.6.7.tgz",
      "integrity": "sha512-hTdwr+7yYNIT5n4AMYp85KA6yw2Va0FLa3Rguvbpa4W3I5xynaBZo41cM3XM+4Q6fRMj3sBYIR1VAmZMXYJvRQ==",
      "dependencies": {
        "tslib": "^1.9.0"
      },
      "engines": {
        "npm": ">=2.0.0"
      }
    },
    "node_modules/safe-buffer": {
      "version": "5.2.1",
      "resolved": "https://registry.npmjs.org/safe-buffer/-/safe-buffer-5.2.1.tgz",
      "integrity": "sha512-rp3So07KcdmmKbGvgaNxQSJr7bGVSVk5S9Eq1F+ppbRo70+YeaDxkw5Dd8NPN+GD6bjnYm2VuPuCXmpuYvmCXQ==",
      "funding": [
        {
          "type": "github",
          "url": "https://github.com/sponsors/feross"
        },
        {
          "type": "patreon",
          "url": "https://www.patreon.com/feross"
        },
        {
          "type": "consulting",
          "url": "https://feross.org/support"
        }
      ]
    },
    "node_modules/streamroller": {
      "version": "3.1.2",
      "resolved": "https://registry.npmjs.org/streamroller/-/streamroller-3.1.2.tgz",
      "integrity": "sha512-wZswqzbgGGsXYIrBYhOE0yP+nQ6XRk7xDcYwuQAGTYXdyAUmvgVFE0YU1g5pvQT0m7GBaQfYcSnlHbapuK0H0A==",
      "dependencies": {
        "date-format": "^4.0.13",
        "debug": "^4.3.4",
        "fs-extra": "^8.1.0"
      },
      "engines": {
        "node": ">=8.0"
      }
    },
    "node_modules/string_decoder": {
      "version": "1.3.0",
      "resolved": "https://registry.npmjs.org/string_decoder/-/string_decoder-1.3.0.tgz",
      "integrity": "sha512-hkRX8U1WjJFd8LsDJ2yQ/wWWxaopEsABU1XfkM8A+j0+85JAGppt16cr1Whg6KIbb4okU6Mql6BOj+uup/wKeA==",
      "dependencies": {
        "safe-buffer": "~5.2.0"
      }
    },
    "node_modules/tslib": {
      "version": "1.14.1",
      "resolved": "https://registry.npmjs.org/tslib/-/tslib-1.14.1.tgz",
      "integrity": "sha512-Xni35NKzjgMrwevysHTCArtLDpPvye8zV/0E4EyYn43P7/7qvQwPh9BGkHewbMulVntbigmcT7rdX3BNo9wRJg=="
    },
    "node_modules/universalify": {
      "version": "0.1.2",
      "resolved": "https://registry.npmjs.org/universalify/-/universalify-0.1.2.tgz",
      "integrity": "sha512-rBJeI5CXAlmy1pV+617WB9J63U6XcazHHF2f2dbJix4XzpUF0RS3Zbj0FGIOCAva5P/d/GBOYaACQ1w+0azUkg==",
      "engines": {
        "node": ">= 4.0.0"
      }
    }
  },
  "dependencies": {
    "@babel/runtime": {
      "version": "7.18.9",
      "resolved": "https://registry.npmjs.org/@babel/runtime/-/runtime-7.18.9.tgz",
      "integrity": "sha512-lkqXDcvlFT5rvEjiu6+QYO+1GXrEHRo2LOtS7E4GtX5ESIZOgepqsZBVIj6Pv+a6zqsya9VCgiK1KAK4BvJDAw==",
      "requires": {
        "regenerator-runtime": "^0.13.4"
      }
    },
    "base64-js": {
      "version": "1.5.1",
      "resolved": "https://registry.npmjs.org/base64-js/-/base64-js-1.5.1.tgz",
      "integrity": "sha512-AKpaYlHn8t4SVbOHCy+b5+KKgvR4vrsD8vbvrbiQJps7fKDTkjkDry6ji0rUJjC0kzbNePLwzxq8iypo41qeWA=="
    },
    "buffer": {
      "version": "6.0.3",
      "resolved": "https://registry.npmjs.org/buffer/-/buffer-6.0.3.tgz",
      "integrity": "sha512-FTiCpNxtwiZZHEZbcbTIcZjERVICn9yq/pDFkTl95/AxzD1naBctN7YO68riM/gLSDY7sdrMby8hofADYuuqOA==",
      "requires": {
        "base64-js": "^1.3.1",
        "ieee754": "^1.2.1"
      }
    },
    "commander": {
      "version": "9.4.0",
      "resolved": "https://registry.npmjs.org/commander/-/commander-9.4.0.tgz",
      "integrity": "sha512-sRPT+umqkz90UA8M1yqYfnHlZA7fF6nSphDtxeywPZ49ysjxDQybzk13CL+mXekDRG92skbcqCLVovuCusNmFw=="
    },
    "date-format": {
      "version": "4.0.13",
      "resolved": "https://registry.npmjs.org/date-format/-/date-format-4.0.13.tgz",
      "integrity": "sha512-bnYCwf8Emc3pTD8pXnre+wfnjGtfi5ncMDKy7+cWZXbmRAsdWkOQHrfC1yz/KiwP5thDp2kCHWYWKBX4HP1hoQ=="
    },
    "debug": {
      "version": "4.3.4",
      "resolved": "https://registry.npmjs.org/debug/-/debug-4.3.4.tgz",
      "integrity": "sha512-PRWFHuSU3eDtQJPvnNY7Jcket1j0t5OuOsFzPPzsekD52Zl8qUfFIPEiswXqIvHWGVHOgX+7G/vCNNhehwxfkQ==",
      "requires": {
        "ms": "2.1.2"
      }
    },
    "flatted": {
      "version": "3.2.6",
      "resolved": "https://registry.npmjs.org/flatted/-/flatted-3.2.6.tgz",
      "integrity": "sha512-0sQoMh9s0BYsm+12Huy/rkKxVu4R1+r96YX5cG44rHV0pQ6iC3Q+mkoMFaGWObMFYQxCVT+ssG1ksneA2MI9KQ=="
    },
    "fs-extra": {
      "version": "8.1.0",
      "resolved": "https://registry.npmjs.org/fs-extra/-/fs-extra-8.1.0.tgz",
      "integrity": "sha512-yhlQgA6mnOJUKOsRUFsgJdQCvkKhcz8tlZG5HBQfReYZy46OwLcY+Zia0mtdHsOo9y/hP+CxMN0TU9QxoOtG4g==",
      "requires": {
        "graceful-fs": "^4.2.0",
        "jsonfile": "^4.0.0",
        "universalify": "^0.1.0"
      }
    },
    "graceful-fs": {
      "version": "4.2.10",
      "resolved": "https://registry.npmjs.org/graceful-fs/-/graceful-fs-4.2.10.tgz",
      "integrity": "sha512-9ByhssR2fPVsNZj478qUUbKfmL0+t5BDVyjShtyZZLiK7ZDAArFFfopyOTj0M05wE2tJPisA4iTnnXl2YoPvOA=="
    },
    "ieee754": {
      "version": "1.2.1",
      "resolved": "https://registry.npmjs.org/ieee754/-/ieee754-1.2.1.tgz",
      "integrity": "sha512-dcyqhDvX1C46lXZcVqCpK+FtMRQVdIMN6/Df5js2zouUsqG7I6sFxitIC+7KYK29KdXOLHdu9zL4sFnoVQnqaA=="
    },
    "jsonfile": {
      "version": "4.0.0",
      "resolved": "https://registry.npmjs.org/jsonfile/-/jsonfile-4.0.0.tgz",
      "integrity": "sha512-m6F1R3z8jjlf2imQHS2Qez5sjKWQzbuuhuJ/FKYFRZvPE3PuHcSMVZzfsLhGVOkfd20obL5SWEBew5ShlquNxg==",
      "requires": {
        "graceful-fs": "^4.1.6"
      }
    },
    "kafkajs": {
      "version": "2.2.0",
      "resolved": "https://registry.npmjs.org/kafkajs/-/kafkajs-2.2.0.tgz",
      "integrity": "sha512-+sdgyLuC0Idw1g9LSBXjtoCr4K+vVaHP+tulzAK+V+HHvO3uW5woNkzLnbBx0MN4WRuEl/5g84M3FSkH0ZDzrA=="
    },
    "lodash": {
      "version": "4.17.21",
      "resolved": "https://registry.npmjs.org/lodash/-/lodash-4.17.21.tgz",
      "integrity": "sha512-v2kDEe57lecTulaDIuNTPy3Ry4gLGJ6Z1O3vE1krgXZNrsQ+LFTGHVxVjcXPs17LhbZVGedAJv8XZ1tvj5FvSg=="
    },
    "log4js": {
      "version": "6.6.1",
      "resolved": "https://registry.npmjs.org/log4js/-/log4js-6.6.1.tgz",
      "integrity": "sha512-J8VYFH2UQq/xucdNu71io4Fo+purYYudyErgBbswWKO0MC6QVOERRomt5su/z6d3RJSmLyTGmXl3Q/XjKCf+/A==",
      "requires": {
        "date-format": "^4.0.13",
        "debug": "^4.3.4",
        "flatted": "^3.2.6",
        "rfdc": "^1.3.0",
        "streamroller": "^3.1.2"
      }
    },
    "moment": {
      "version": "2.29.4",
      "resolved": "https://registry.npmjs.org/moment/-/moment-2.29.4.tgz",
      "integrity": "sha512-5LC9SOxjSc2HF6vO2CyuTDNivEdoz2IvyJJGj6X8DJ0eFyfszE0QiEd+iXmBvUP3WHxSjFH/vIsA0EN00cgr8w=="
    },
    "ms": {
      "version": "2.1.2",
      "resolved": "https://registry.npmjs.org/ms/-/ms-2.1.2.tgz",
      "integrity": "sha512-sGkPx+VjMtmA6MX27oA4FBFELFCZZ4S4XqeGOXCv68tT+jb3vk/RyaKWP0PTKyWtmLSM0b+adUTEvbs1PEaH2w=="
    },
    "neo4j-driver": {
      "version": "4.4.7",
      "resolved": "https://registry.npmjs.org/neo4j-driver/-/neo4j-driver-4.4.7.tgz",
      "integrity": "sha512-N7GddPhp12gVJe4eB84u5ik5SmrtRv8nH3rK47Qy7IUKnJkVEos/F1QjOJN6zt1jLnDXwDcGzCKK8XklYpzogw==",
      "requires": {
        "@babel/runtime": "^7.5.5",
        "neo4j-driver-bolt-connection": "^4.4.7",
        "neo4j-driver-core": "^4.4.7",
        "rxjs": "^6.6.3"
      }
    },
    "neo4j-driver-bolt-connection": {
      "version": "4.4.7",
      "resolved": "https://registry.npmjs.org/neo4j-driver-bolt-connection/-/neo4j-driver-bolt-connection-4.4.7.tgz",
      "integrity": "sha512-6Q4hCtvWE6gzN64N09UqZqf/3rDl7FUWZZXiVQL0ZRbaMkJpZNC2NmrDIgGXYE05XEEbRBexf2tVv5OTYZYrow==",
      "requires": {
        "buffer": "^6.0.3",
        "neo4j-driver-core": "^4.4.7",
        "string_decoder": "^1.3.0"
      }
    },
    "neo4j-driver-core": {
      "version": "4.4.7",
      "resolved": "https://registry.npmjs.org/neo4j-driver-core/-/neo4j-driver-core-4.4.7.tgz",
      "integrity": "sha512-NhvVuQYgG7eO/vXxRaoJfkWUNkjvIpmCIS9UWU9Bbhb4V+wCOyX/MVOXqD0Yizhs4eyIkD7x90OXb79q+vi+oA=="
    },
    "regenerator-runtime": {
      "version": "0.13.9",
      "resolved": "https://registry.npmjs.org/regenerator-runtime/-/regenerator-runtime-0.13.9.tgz",
      "integrity": "sha512-p3VT+cOEgxFsRRA9X4lkI1E+k2/CtnKtU4gcxyaCUreilL/vqI6CdZ3wxVUx3UOUg+gnUOQQcRI7BmSI656MYA=="
    },
    "rfdc": {
      "version": "1.3.0",
      "resolved": "https://registry.npmjs.org/rfdc/-/rfdc-1.3.0.tgz",
      "integrity": "sha512-V2hovdzFbOi77/WajaSMXk2OLm+xNIeQdMMuB7icj7bk6zi2F8GGAxigcnDFpJHbNyNcgyJDiP+8nOrY5cZGrA=="
    },
    "rxjs": {
      "version": "6.6.7",
      "resolved": "https://registry.npmjs.org/rxjs/-/rxjs-6.6.7.tgz",
      "integrity": "sha512-hTdwr+7yYNIT5n4AMYp85KA6yw2Va0FLa3Rguvbpa4W3I5xynaBZo41cM3XM+4Q6fRMj3sBYIR1VAmZMXYJvRQ==",
      "requires": {
        "tslib": "^1.9.0"
      }
    },
    "safe-buffer": {
      "version": "5.2.1",
      "resolved": "https://registry.npmjs.org/safe-buffer/-/safe-buffer-5.2.1.tgz",
      "integrity": "sha512-rp3So07KcdmmKbGvgaNxQSJr7bGVSVk5S9Eq1F+ppbRo70+YeaDxkw5Dd8NPN+GD6bjnYm2VuPuCXmpuYvmCXQ=="
    },
    "streamroller": {
      "version": "3.1.2",
      "resolved": "https://registry.npmjs.org/streamroller/-/streamroller-3.1.2.tgz",
      "integrity": "sha512-wZswqzbgGGsXYIrBYhOE0yP+nQ6XRk7xDcYwuQAGTYXdyAUmvgVFE0YU1g5pvQT0m7GBaQfYcSnlHbapuK0H0A==",
      "requires": {
        "date-format": "^4.0.13",
        "debug": "^4.3.4",
        "fs-extra": "^8.1.0"
      }
    },
    "string_decoder": {
      "version": "1.3.0",
      "resolved": "https://registry.npmjs.org/string_decoder/-/string_decoder-1.3.0.tgz",
      "integrity": "sha512-hkRX8U1WjJFd8LsDJ2yQ/wWWxaopEsABU1XfkM8A+j0+85JAGppt16cr1Whg6KIbb4okU6Mql6BOj+uup/wKeA==",
      "requires": {
        "safe-buffer": "~5.2.0"
      }
    },
    "tslib": {
      "version": "1.14.1",
      "resolved": "https://registry.npmjs.org/tslib/-/tslib-1.14.1.tgz",
      "integrity": "sha512-Xni35NKzjgMrwevysHTCArtLDpPvye8zV/0E4EyYn43P7/7qvQwPh9BGkHewbMulVntbigmcT7rdX3BNo9wRJg=="
    },
    "universalify": {
      "version": "0.1.2",
      "resolved": "https://registry.npmjs.org/universalify/-/universalify-0.1.2.tgz",
      "integrity": "sha512-rBJeI5CXAlmy1pV+617WB9J63U6XcazHHF2f2dbJix4XzpUF0RS3Zbj0FGIOCAva5P/d/GBOYaACQ1w+0azUkg=="
    }
  }
}
